{
  "name": "audio-extractor",
  "version": "0.1.0",
  "lockfileVersion": 3,
  "requires": true,
  "packages": {
    "": {
      "name": "audio-extractor",
      "version": "0.1.0",
      "license": "MIT",
      "dependencies": {
        "@tauri-apps/plugin-dialog": "^2.2.1"
      },
      "devDependencies": {}
    },
    "node_modules/@tauri-apps/api": {
      "version": "2.5.0",
      "resolved": "https://registry.npmjs.org/@tauri-apps/api/-/api-2.5.0.tgz",
      "integrity": "sha512-Ldux4ip+HGAcPUmuLT8EIkk6yafl5vK0P0c0byzAKzxJh7vxelVtdPONjfgTm96PbN24yjZNESY8CKo8qniluA==",
      "license": "Apache-2.0 OR MIT",
      "funding": {
        "type": "opencollective",
        "url": "https://opencollective.com/tauri"
      }
    },
    "node_modules/@tauri-apps/plugin-dialog": {
      "version": "2.2.1",
      "resolved": "https://registry.npmjs.org/@tauri-apps/plugin-dialog/-/plugin-dialog-2.2.1.tgz",
      "integrity": "sha512-wZmCouo4PgTosh/UoejPw9DPs6RllS5Pp3fuOV2JobCu36mR5AXU2MzU9NZiVaFi/5Zfc8RN0IhcZHnksJ1o8A==",
      "license": "MIT OR Apache-2.0",
      "dependencies": {
        "@tauri-apps/api": "^2.0.0"
      }
    }
  }
}
